
Microsoft Visual Studio Solution File, Format Version 12.00
# Visual Studio Version 16
VisualStudioVersion = 16.0.29409.12
MinimumVisualStudioVersion = 10.0.40219.1
Project("{FAE04EC0-301F-11D3-BF4B-00C04F79EFBC}") = "aspnetcore-mediatr-tutorial", "aspnetcore-mediatr-tutorial\aspnetcore-mediatr-tutorial.csproj", "{20FF4028-E944-4040-BA66-00A749B0E878}"
EndProject
Global
	GlobalSection(SolutionConfigurationPlatforms) = preSolution
		Debug|Any CPU = Debug|Any CPU
		Release|Any CPU = Release|Any CPU
	EndGlobalSection
	GlobalSection(ProjectConfigurationPlatforms) = postSolution
		{20FF4028-E944-4040-BA66-00A749B0E878}.Debug|Any CPU.ActiveCfg = Debug|Any CPU
		{20FF4028-E944-4040-BA66-00A749B0E878}.Debug|Any CPU.Build.0 = Debug|Any CPU
		{20FF4028-E944-4040-BA66-00A749B0E878}.Release|Any CPU.ActiveCfg = Release|Any CPU
		{20FF4028-E944-4040-BA66-00A749B0E878}.Release|Any CPU.Build.0 = Release|Any CPU
	EndGlobalSection
	GlobalSection(SolutionProperties) = preSolution
		HideSolutionNode = FALSE
	EndGlobalSection
	GlobalSection(ExtensibilityGlobals) = postSolution
		SolutionGuid = {C2528CAA-E5AD-4766-8C1D-78A2ED500351}
	EndGlobalSection
EndGlobal
