
Microsoft Visual Studio Solution File, Format Version 12.00
# Visual Studio Version 16
VisualStudioVersion = 16.0.29709.97
MinimumVisualStudioVersion = 10.0.40219.1
Project("{FAE04EC0-301F-11D3-BF4B-00C04F79EFBC}") = "ConsoleApp", "ConsoleApp\ConsoleApp.csproj", "{0D9C8CEF-F8E1-4D2B-90D9-57D256B177B5}"
EndProject
Global
	GlobalSection(SolutionConfigurationPlatforms) = preSolution
		Debug|Any CPU = Debug|Any CPU
		Release|Any CPU = Release|Any CPU
	EndGlobalSection
	GlobalSection(ProjectConfigurationPlatforms) = postSolution
		{0D9C8CEF-F8E1-4D2B-90D9-57D256B177B5}.Debug|Any CPU.ActiveCfg = Debug|Any CPU
		{0D9C8CEF-F8E1-4D2B-90D9-57D256B177B5}.Debug|Any CPU.Build.0 = Debug|Any CPU
		{0D9C8CEF-F8E1-4D2B-90D9-57D256B177B5}.Release|Any CPU.ActiveCfg = Release|Any CPU
		{0D9C8CEF-F8E1-4D2B-90D9-57D256B177B5}.Release|Any CPU.Build.0 = Release|Any CPU
	EndGlobalSection
	GlobalSection(SolutionProperties) = preSolution
		HideSolutionNode = FALSE
	EndGlobalSection
	GlobalSection(ExtensibilityGlobals) = postSolution
		SolutionGuid = {E4CF3A7A-A0CE-4E50-8F82-74BBF814FBCA}
	EndGlobalSection
EndGlobal
